
Microsoft Visual Studio Solution File, Format Version 12.00
# Visual Studio 14
VisualStudioVersion = 14.0.25420.1
MinimumVisualStudioVersion = 10.0.40219.1
Project("{FAE04EC0-301F-11D3-BF4B-00C04F79EFBC}") = "SaveFileWindowsFormProject", "SaveFileWindowsFormProject\SaveFileWindowsFormProject.csproj", "{F8C8E1E7-2E71-4090-9305-4095AB1DAA42}"
EndProject
Global
	GlobalSection(SolutionConfigurationPlatforms) = preSolution
		Debug|Any CPU = Debug|Any CPU
		Release|Any CPU = Release|Any CPU
	EndGlobalSection
	GlobalSection(ProjectConfigurationPlatforms) = postSolution
		{F8C8E1E7-2E71-4090-9305-4095AB1DAA42}.Debug|Any CPU.ActiveCfg = Debug|Any CPU
		{F8C8E1E7-2E71-4090-9305-4095AB1DAA42}.Debug|Any CPU.Build.0 = Debug|Any CPU
		{F8C8E1E7-2E71-4090-9305-4095AB1DAA42}.Release|Any CPU.ActiveCfg = Release|Any CPU
		{F8C8E1E7-2E71-4090-9305-4095AB1DAA42}.Release|Any CPU.Build.0 = Release|Any CPU
	EndGlobalSection
	GlobalSection(SolutionProperties) = preSolution
		HideSolutionNode = FALSE
	EndGlobalSection
EndGlobal
